// !$*UTF8*$!
{
	archiveVersion = 1;
	classes = {
	};
	objectVersion = 56;
	objects = {

/* Begin PBXBuildFile section */
		5222C23A2AE5AEBE009D26BC /* AppDelegate.swift in Sources */ = {isa = PBXBuildFile; fileRef = 5222C2392AE5AEBE009D26BC /* AppDelegate.swift */; };
		5222C23C2AE5AEBE009D26BC /* SceneDelegate.swift in Sources */ = {isa = PBXBuildFile; fileRef = 5222C23B2AE5AEBE009D26BC /* SceneDelegate.swift */; };
		5222C2412AE5AEBE009D26BC /* Main.storyboard in Resources */ = {isa = PBXBuildFile; fileRef = 5222C23F2AE5AEBE009D26BC /* Main.storyboard */; };
		5222C2442AE5AEBE009D26BC /* UberNotebook.xcdatamodeld in Sources */ = {isa = PBXBuildFile; fileRef = 5222C2422AE5AEBE009D26BC /* UberNotebook.xcdatamodeld */; };
		5222C2462AE5AEC0009D26BC /* Assets.xcassets in Resources */ = {isa = PBXBuildFile; fileRef = 5222C2452AE5AEC0009D26BC /* Assets.xcassets */; };
		5222C2492AE5AEC0009D26BC /* LaunchScreen.storyboard in Resources */ = {isa = PBXBuildFile; fileRef = 5222C2472AE5AEC0009D26BC /* LaunchScreen.storyboard */; };
		5222C2512AE5B386009D26BC /* NotebookViewController.swift in Sources */ = {isa = PBXBuildFile; fileRef = 5222C2502AE5B386009D26BC /* NotebookViewController.swift */; };
		5222C2532AE5B633009D26BC /* NoteViewController.swift in Sources */ = {isa = PBXBuildFile; fileRef = 5222C2522AE5B633009D26BC /* NoteViewController.swift */; };
/* End PBXBuildFile section */

/* Begin PBXFileReference section */
		5222C2362AE5AEBE009D26BC /* UberNotebook.app */ = {isa = PBXFileReference; explicitFileType = wrapper.application; includeInIndex = 0; path = UberNotebook.app; sourceTree = BUILT_PRODUCTS_DIR; };
		5222C2392AE5AEBE009D26BC /* AppDelegate.swift */ = {isa = PBXFileReference; lastKnownFileType = sourcecode.swift; path = AppDelegate.swift; sourceTree = "<group>"; };
		5222C23B2AE5AEBE009D26BC /* SceneDelegate.swift */ = {isa = PBXFileReference; lastKnownFileType = sourcecode.swift; path = SceneDelegate.swift; sourceTree = "<group>"; };
		5222C2402AE5AEBE009D26BC /* Base */ = {isa = PBXFileReference; lastKnownFileType = file.storyboard; name = Base; path = Base.lproj/Main.storyboard; sourceTree = "<group>"; };
		5222C2432AE5AEBE009D26BC /* UberNotebook.xcdatamodel */ = {isa = PBXFileReference; lastKnownFileType = wrapper.xcdatamodel; path = UberNotebook.xcdatamodel; sourceTree = "<group>"; };
		5222C2452AE5AEC0009D26BC /* Assets.xcassets */ = {isa = PBXFileReference; lastKnownFileType = folder.assetcatalog; path = Assets.xcassets; sourceTree = "<group>"; };
		5222C2482AE5AEC0009D26BC /* Base */ = {isa = PBXFileReference; lastKnownFileType = file.storyboard; name = Base; path = Base.lproj/LaunchScreen.storyboard; sourceTree = "<group>"; };
		5222C24A2AE5AEC0009D26BC /* Info.plist */ = {isa = PBXFileReference; lastKnownFileType = text.plist.xml; path = Info.plist; sourceTree = "<group>"; };
		5222C2502AE5B386009D26BC /* NotebookViewController.swift */ = {isa = PBXFileReference; lastKnownFileType = sourcecode.swift; path = NotebookViewController.swift; sourceTree = "<group>"; };
		5222C2522AE5B633009D26BC /* NoteViewController.swift */ = {isa = PBXFileReference; lastKnownFileType = sourcecode.swift; path = NoteViewController.swift; sourceTree = "<group>"; };
/* End PBXFileReference section */

/* Begin PBXFrameworksBuildPhase section */
		5222C2332AE5AEBE009D26BC /* Frameworks */ = {
			isa = PBXFrameworksBuildPhase;
			buildActionMask = 2147483647;
			files = (
			);
			runOnlyForDeploymentPostprocessing = 0;
		};
/* End PBXFrameworksBuildPhase section */

/* Begin PBXGroup section */
		5222C22D2AE5AEBE009D26BC = {
			isa = PBXGroup;
			children = (
				5222C2382AE5AEBE009D26BC /* UberNotebook */,
				5222C2372AE5AEBE009D26BC /* Products */,
			);
			sourceTree = "<group>";
		};
		5222C2372AE5AEBE009D26BC /* Products */ = {
			isa = PBXGroup;
			children = (
				5222C2362AE5AEBE009D26BC /* UberNotebook.app */,
			);
			name = Products;
			sourceTree = "<group>";
		};
		5222C2382AE5AEBE009D26BC /* UberNotebook */ = {
			isa = PBXGroup;
			children = (
				5222C2392AE5AEBE009D26BC /* AppDelegate.swift */,
				5222C2502AE5B386009D26BC /* NotebookViewController.swift */,
				5222C23B2AE5AEBE009D26BC /* SceneDelegate.swift */,
				5222C23F2AE5AEBE009D26BC /* Main.storyboard */,
				5222C2522AE5B633009D26BC /* NoteViewController.swift */,
				5222C2452AE5AEC0009D26BC /* Assets.xcassets */,
				5222C2472AE5AEC0009D26BC /* LaunchScreen.storyboard */,
				5222C24A2AE5AEC0009D26BC /* Info.plist */,
				5222C2422AE5AEBE009D26BC /* UberNotebook.xcdatamodeld */,
			);
			path = UberNotebook;
			sourceTree = "<group>";
		};
/* End PBXGroup section */

/* Begin PBXNativeTarget section */
		5222C2352AE5AEBE009D26BC /* UberNotebook */ = {
			isa = PBXNativeTarget;
			buildConfigurationList = 5222C24D2AE5AEC0009D26BC /* Build configuration list for PBXNativeTarget "UberNotebook" */;
			buildPhases = (
				5222C2322AE5AEBE009D26BC /* Sources */,
				5222C2332AE5AEBE009D26BC /* Frameworks */,
				5222C2342AE5AEBE009D26BC /* Resources */,
			);
			buildRules = (
			);
			dependencies = (
			);
			name = UberNotebook;
			productName = UberNotebook;
			productReference = 5222C2362AE5AEBE009D26BC /* UberNotebook.app */;
			productType = "com.apple.product-type.application";
		};
/* End PBXNativeTarget section */

/* Begin PBXProject section */
		5222C22E2AE5AEBE009D26BC /* Project object */ = {
			isa = PBXProject;
			attributes = {
				BuildIndependentTargetsInParallel = 1;
				LastSwiftUpdateCheck = 1500;
				LastUpgradeCheck = 1500;
				TargetAttributes = {
					5222C2352AE5AEBE009D26BC = {
						CreatedOnToolsVersion = 15.0;
					};
				};
			};
			buildConfigurationList = 5222C2312AE5AEBE009D26BC /* Build configuration list for PBXProject "UberNotebook" */;
			compatibilityVersion = "Xcode 14.0";
			developmentRegion = en;
			hasScannedForEncodings = 0;
			knownRegions = (
				en,
				Base,
			);
			mainGroup = 5222C22D2AE5AEBE009D26BC;
			productRefGroup = 5222C2372AE5AEBE009D26BC /* Products */;
			projectDirPath = "";
			projectRoot = "";
			targets = (
				5222C2352AE5AEBE009D26BC /* UberNotebook */,
			);
		};
/* End PBXProject section */

/* Begin PBXResourcesBuildPhase section */
		5222C2342AE5AEBE009D26BC /* Resources */ = {
			isa = PBXResourcesBuildPhase;
			buildActionMask = 2147483647;
			files = (
				5222C2492AE5AEC0009D26BC /* LaunchScreen.storyboard in Resources */,
				5222C2462AE5AEC0009D26BC /* Assets.xcassets in Resources */,
				5222C2412AE5AEBE009D26BC /* Main.storyboard in Resources */,
			);
			runOnlyForDeploymentPostprocessing = 0;
		};
/* End PBXResourcesBuildPhase section */

/* Begin PBXSourcesBuildPhase section */
		5222C2322AE5AEBE009D26BC /* Sources */ = {
			isa = PBXSourcesBuildPhase;
			buildActionMask = 2147483647;
			files = (
				5222C2442AE5AEBE009D26BC /* UberNotebook.xcdatamodeld in Sources */,
				5222C23A2AE5AEBE009D26BC /* AppDelegate.swift in Sources */,
				5222C23C2AE5AEBE009D26BC /* SceneDelegate.swift in Sources */,
				5222C2532AE5B633009D26BC /* NoteViewController.swift in Sources */,
				5222C2512AE5B386009D26BC /* NotebookViewController.swift in Sources */,
			);
			runOnlyForDeploymentPostprocessing = 0;
		};
/* End PBXSourcesBuildPhase section */

/* Begin PBXVariantGroup section */
		5222C23F2AE5AEBE009D26BC /* Main.storyboard */ = {
			isa = PBXVariantGroup;
			children = (
				5222C2402AE5AEBE009D26BC /* Base */,
			);
			name = Main.storyboard;
			sourceTree = "<group>";
		};
		5222C2472AE5AEC0009D26BC /* LaunchScreen.storyboard */ = {
			isa = PBXVariantGroup;
			children = (
				5222C2482AE5AEC0009D26BC /* Base */,
			);
			name = LaunchScreen.storyboard;
			sourceTree = "<group>";
		};
/* End PBXVariantGroup section */

/* Begin XCBuildConfiguration section */
		5222C24B2AE5AEC0009D26BC /* Debug */ = {
			isa = XCBuildConfiguration;
			buildSettings = {
				ALWAYS_SEARCH_USER_PATHS = NO;
				ASSETCATALOG_COMPILER_GENERATE_SWIFT_ASSET_SYMBOL_EXTENSIONS = YES;
				CLANG_ANALYZER_NONNULL = YES;
				CLANG_ANALYZER_NUMBER_OBJECT_CONVERSION = YES_AGGRESSIVE;
				CLANG_CXX_LANGUAGE_STANDARD = "gnu++20";
				CLANG_ENABLE_MODULES = YES;
				CLANG_ENABLE_OBJC_ARC = YES;
				CLANG_ENABLE_OBJC_WEAK = YES;
				CLANG_WARN_BLOCK_CAPTURE_AUTORELEASING = YES;
				CLANG_WARN_BOOL_CONVERSION = YES;
				CLANG_WARN_COMMA = YES;
				CLANG_WARN_CONSTANT_CONVERSION = YES;
				CLANG_WARN_DEPRECATED_OBJC_IMPLEMENTATIONS = YES;
				CLANG_WARN_DIRECT_OBJC_ISA_USAGE = YES_ERROR;
				CLANG_WARN_DOCUMENTATION_COMMENTS = YES;
				CLANG_WARN_EMPTY_BODY = YES;
				CLANG_WARN_ENUM_CONVERSION = YES;
				CLANG_WARN_INFINITE_RECURSION = YES;
				CLANG_WARN_INT_CONVERSION = YES;
				CLANG_WARN_NON_LITERAL_NULL_CONVERSION = YES;
				CLANG_WARN_OBJC_IMPLICIT_RETAIN_SELF = YES;
				CLANG_WARN_OBJC_LITERAL_CONVERSION = YES;
				CLANG_WARN_OBJC_ROOT_CLASS = YES_ERROR;
				CLANG_WARN_QUOTED_INCLUDE_IN_FRAMEWORK_HEADER = YES;
				CLANG_WARN_RANGE_LOOP_ANALYSIS = YES;
				CLANG_WARN_STRICT_PROTOTYPES = YES;
				CLANG_WARN_SUSPICIOUS_MOVE = YES;
				CLANG_WARN_UNGUARDED_AVAILABILITY = YES_AGGRESSIVE;
				CLANG_WARN_UNREACHABLE_CODE = YES;
				CLANG_WARN__DUPLICATE_METHOD_MATCH = YES;
				COPY_PHASE_STRIP = NO;
				DEBUG_INFORMATION_FORMAT = dwarf;
				ENABLE_STRICT_OBJC_MSGSEND = YES;
				ENABLE_TESTABILITY = YES;
				ENABLE_USER_SCRIPT_SANDBOXING = YES;
				GCC_C_LANGUAGE_STANDARD = gnu17;
				GCC_DYNAMIC_NO_PIC = NO;
				GCC_NO_COMMON_BLOCKS = YES;
				GCC_OPTIMIZATION_LEVEL = 0;
				GCC_PREPROCESSOR_DEFINITIONS = (
					"DEBUG=1",
					"$(inherited)",
				);
				GCC_WARN_64_TO_32_BIT_CONVERSION = YES;
				GCC_WARN_ABOUT_RETURN_TYPE = YES_ERROR;
				GCC_WARN_UNDECLARED_SELECTOR = YES;
				GCC_WARN_UNINITIALIZED_AUTOS = YES_AGGRESSIVE;
				GCC_WARN_UNUSED_FUNCTION = YES;
				GCC_WARN_UNUSED_VARIABLE = YES;
				IPHONEOS_DEPLOYMENT_TARGET = 17.0;
				LOCALIZATION_PREFERS_STRING_CATALOGS = YES;
				MTL_ENABLE_DEBUG_INFO = INCLUDE_SOURCE;
				MTL_FAST_MATH = YES;
				ONLY_ACTIVE_ARCH = YES;
				SDKROOT = iphoneos;
				SWIFT_ACTIVE_COMPILATION_CONDITIONS = "DEBUG $(inherited)";
				SWIFT_OPTIMIZATION_LEVEL = "-Onone";
			};
			name = Debug;
		};
		5222C24C2AE5AEC0009D26BC /* Release */ = {
			isa = XCBuildConfiguration;
			buildSettings = {
				ALWAYS_SEARCH_USER_PATHS = NO;
				ASSETCATALOG_COMPILER_GENERATE_SWIFT_ASSET_SYMBOL_EXTENSIONS = YES;
				CLANG_ANALYZER_NONNULL = YES;
				CLANG_ANALYZER_NUMBER_OBJECT_CONVERSION = YES_AGGRESSIVE;
				CLANG_CXX_LANGUAGE_STANDARD = "gnu++20";
				CLANG_ENABLE_MODULES = YES;
				CLANG_ENABLE_OBJC_ARC = YES;
				CLANG_ENABLE_OBJC_WEAK = YES;
				CLANG_WARN_BLOCK_CAPTURE_AUTORELEASING = YES;
				CLANG_WARN_BOOL_CONVERSION = YES;
				CLANG_WARN_COMMA = YES;
				CLANG_WARN_CONSTANT_CONVERSION = YES;
				CLANG_WARN_DEPRECATED_OBJC_IMPLEMENTATIONS = YES;
				CLANG_WARN_DIRECT_OBJC_ISA_USAGE = YES_ERROR;
				CLANG_WARN_DOCUMENTATION_COMMENTS = YES;
				CLANG_WARN_EMPTY_BODY = YES;
				CLANG_WARN_ENUM_CONVERSION = YES;
				CLANG_WARN_INFINITE_RECURSION = YES;
				CLANG_WARN_INT_CONVERSION = YES;
				CLANG_WARN_NON_LITERAL_NULL_CONVERSION = YES;
				CLANG_WARN_OBJC_IMPLICIT_RETAIN_SELF = YES;
				CLANG_WARN_OBJC_LITERAL_CONVERSION = YES;
				CLANG_WARN_OBJC_ROOT_CLASS = YES_ERROR;
				CLANG_WARN_QUOTED_INCLUDE_IN_FRAMEWORK_HEADER = YES;
				CLANG_WARN_RANGE_LOOP_ANALYSIS = YES;
				CLANG_WARN_STRICT_PROTOTYPES = YES;
				CLANG_WARN_SUSPICIOUS_MOVE = YES;
				CLANG_WARN_UNGUARDED_AVAILABILITY = YES_AGGRESSIVE;
				CLANG_WARN_UNREACHABLE_CODE = YES;
				CLANG_WARN__DUPLICATE_METHOD_MATCH = YES;
				COPY_PHASE_STRIP = NO;
				DEBUG_INFORMATION_FORMAT = "dwarf-with-dsym";
				ENABLE_NS_ASSERTIONS = NO;
				ENABLE_STRICT_OBJC_MSGSEND = YES;
				ENABLE_USER_SCRIPT_SANDBOXING = YES;
				GCC_C_LANGUAGE_STANDARD = gnu17;
				GCC_NO_COMMON_BLOCKS = YES;
				GCC_WARN_64_TO_32_BIT_CONVERSION = YES;
				GCC_WARN_ABOUT_RETURN_TYPE = YES_ERROR;
				GCC_WARN_UNDECLARED_SELECTOR = YES;
				GCC_WARN_UNINITIALIZED_AUTOS = YES_AGGRESSIVE;
				GCC_WARN_UNUSED_FUNCTION = YES;
				GCC_WARN_UNUSED_VARIABLE = YES;
				IPHONEOS_DEPLOYMENT_TARGET = 17.0;
				LOCALIZATION_PREFERS_STRING_CATALOGS = YES;
				MTL_ENABLE_DEBUG_INFO = NO;
				MTL_FAST_MATH = YES;
				SDKROOT = iphoneos;
				SWIFT_COMPILATION_MODE = wholemodule;
				VALIDATE_PRODUCT = YES;
			};
			name = Release;
		};
		5222C24E2AE5AEC0009D26BC /* Debug */ = {
			isa = XCBuildConfiguration;
			buildSettings = {
				ASSETCATALOG_COMPILER_APPICON_NAME = AppIcon;
				ASSETCATALOG_COMPILER_GLOBAL_ACCENT_COLOR_NAME = AccentColor;
				CODE_SIGN_STYLE = Automatic;
				CURRENT_PROJECT_VERSION = 1;
				DEVELOPMENT_TEAM = 3C9BFHV9X4;
				GENERATE_INFOPLIST_FILE = YES;
				INFOPLIST_FILE = UberNotebook/Info.plist;
				INFOPLIST_KEY_UIApplicationSupportsIndirectInputEvents = YES;
				INFOPLIST_KEY_UILaunchStoryboardName = LaunchScreen;
				INFOPLIST_KEY_UIMainStoryboardFile = Main;
				INFOPLIST_KEY_UISupportedInterfaceOrientations_iPad = "UIInterfaceOrientationPortrait UIInterfaceOrientationPortraitUpsideDown UIInterfaceOrientationLandscapeLeft UIInterfaceOrientationLandscapeRight";
				INFOPLIST_KEY_UISupportedInterfaceOrientations_iPhone = "UIInterfaceOrientationPortrait UIInterfaceOrientationLandscapeLeft UIInterfaceOrientationLandscapeRight";
				LD_RUNPATH_SEARCH_PATHS = (
					"$(inherited)",
					"@executable_path/Frameworks",
				);
				MARKETING_VERSION = 1.0;
				PRODUCT_BUNDLE_IDENTIFIER = com.afkfish.UberNotebook;
				PRODUCT_NAME = "$(TARGET_NAME)";
				SUPPORTED_PLATFORMS = "iphoneos iphonesimulator";
				SUPPORTS_MACCATALYST = NO;
				SUPPORTS_MAC_DESIGNED_FOR_IPHONE_IPAD = NO;
				SWIFT_EMIT_LOC_STRINGS = YES;
				SWIFT_VERSION = 5.0;
				TARGETED_DEVICE_FAMILY = "1,2";
			};
			name = Debug;
		};
		5222C24F2AE5AEC0009D26BC /* Release */ = {
			isa = XCBuildConfiguration;
			buildSettings = {
				ASSETCATALOG_COMPILER_APPICON_NAME = AppIcon;
				ASSETCATALOG_COMPILER_GLOBAL_ACCENT_COLOR_NAME = AccentColor;
				CODE_SIGN_STYLE = Automatic;
				CURRENT_PROJECT_VERSION = 1;
				DEVELOPMENT_TEAM = 3C9BFHV9X4;
				GENERATE_INFOPLIST_FILE = YES;
				INFOPLIST_FILE = UberNotebook/Info.plist;
				INFOPLIST_KEY_UIApplicationSupportsIndirectInputEvents = YES;
				INFOPLIST_KEY_UILaunchStoryboardName = LaunchScreen;
				INFOPLIST_KEY_UIMainStoryboardFile = Main;
				INFOPLIST_KEY_UISupportedInterfaceOrientations_iPad = "UIInterfaceOrientationPortrait UIInterfaceOrientationPortraitUpsideDown UIInterfaceOrientationLandscapeLeft UIInterfaceOrientationLandscapeRight";
				INFOPLIST_KEY_UISupportedInterfaceOrientations_iPhone = "UIInterfaceOrientationPortrait UIInterfaceOrientationLandscapeLeft UIInterfaceOrientationLandscapeRight";
				LD_RUNPATH_SEARCH_PATHS = (
					"$(inherited)",
					"@executable_path/Frameworks",
				);
				MARKETING_VERSION = 1.0;
				PRODUCT_BUNDLE_IDENTIFIER = com.afkfish.UberNotebook;
				PRODUCT_NAME = "$(TARGET_NAME)";
				SUPPORTED_PLATFORMS = "iphoneos iphonesimulator";
				SUPPORTS_MACCATALYST = NO;
				SUPPORTS_MAC_DESIGNED_FOR_IPHONE_IPAD = NO;
				SWIFT_EMIT_LOC_STRINGS = YES;
				SWIFT_VERSION = 5.0;
				TARGETED_DEVICE_FAMILY = "1,2";
			};
			name = Release;
		};
/* End XCBuildConfiguration section */

/* Begin XCConfigurationList section */
		5222C2312AE5AEBE009D26BC /* Build configuration list for PBXProject "UberNotebook" */ = {
			isa = XCConfigurationList;
			buildConfigurations = (
				5222C24B2AE5AEC0009D26BC /* Debug */,
				5222C24C2AE5AEC0009D26BC /* Release */,
			);
			defaultConfigurationIsVisible = 0;
			defaultConfigurationName = Release;
		};
		5222C24D2AE5AEC0009D26BC /* Build configuration list for PBXNativeTarget "UberNotebook" */ = {
			isa = XCConfigurationList;
			buildConfigurations = (
				5222C24E2AE5AEC0009D26BC /* Debug */,
				5222C24F2AE5AEC0009D26BC /* Release */,
			);
			defaultConfigurationIsVisible = 0;
			defaultConfigurationName = Release;
		};
/* End XCConfigurationList section */

/* Begin XCVersionGroup section */
		5222C2422AE5AEBE009D26BC /* UberNotebook.xcdatamodeld */ = {
			isa = XCVersionGroup;
			children = (
				5222C2432AE5AEBE009D26BC /* UberNotebook.xcdatamodel */,
			);
			currentVersion = 5222C2432AE5AEBE009D26BC /* UberNotebook.xcdatamodel */;
			path = UberNotebook.xcdatamodeld;
			sourceTree = "<group>";
			versionGroupType = wrapper.xcdatamodel;
		};
/* End XCVersionGroup section */
	};
	rootObject = 5222C22E2AE5AEBE009D26BC /* Project object */;
}
