// !$*UTF8*$!
{
	archiveVersion = 1;
	classes = {
	};
	objectVersion = 56;
	objects = {

/* Begin PBXBuildFile section */
		524DA8C32ACEC540007676DC /* AppDelegate.swift in Sources */ = {isa = PBXBuildFile; fileRef = 524DA8C22ACEC540007676DC /* AppDelegate.swift */; };
		524DA8C52ACEC540007676DC /* SceneDelegate.swift in Sources */ = {isa = PBXBuildFile; fileRef = 524DA8C42ACEC540007676DC /* SceneDelegate.swift */; };
		524DA8CA2ACEC540007676DC /* Main.storyboard in Resources */ = {isa = PBXBuildFile; fileRef = 524DA8C82ACEC540007676DC /* Main.storyboard */; };
		524DA8CC2ACEC542007676DC /* Assets.xcassets in Resources */ = {isa = PBXBuildFile; fileRef = 524DA8CB2ACEC542007676DC /* Assets.xcassets */; };
		524DA8CF2ACEC542007676DC /* LaunchScreen.storyboard in Resources */ = {isa = PBXBuildFile; fileRef = 524DA8CD2ACEC542007676DC /* LaunchScreen.storyboard */; };
		524DA8D72ACED318007676DC /* NameHandler.swift in Sources */ = {isa = PBXBuildFile; fileRef = 524DA8D62ACED318007676DC /* NameHandler.swift */; };
		525C528D2AD13DF0003C7D21 /* NameViewController.swift in Sources */ = {isa = PBXBuildFile; fileRef = 525C528C2AD13DF0003C7D21 /* NameViewController.swift */; };
		525C528F2AD13EBA003C7D21 /* NamesViewController.swift in Sources */ = {isa = PBXBuildFile; fileRef = 525C528E2AD13EBA003C7D21 /* NamesViewController.swift */; };
		525C52912AD14936003C7D21 /* Names.plist in Resources */ = {isa = PBXBuildFile; fileRef = 525C52902AD14936003C7D21 /* Names.plist */; };
		525C52952AD149CA003C7D21 /* NameFactsViewController.swift in Sources */ = {isa = PBXBuildFile; fileRef = 525C52942AD149CA003C7D21 /* NameFactsViewController.swift */; };
/* End PBXBuildFile section */

/* Begin PBXFileReference section */
		524DA8BF2ACEC540007676DC /* iNames.app */ = {isa = PBXFileReference; explicitFileType = wrapper.application; includeInIndex = 0; path = iNames.app; sourceTree = BUILT_PRODUCTS_DIR; };
		524DA8C22ACEC540007676DC /* AppDelegate.swift */ = {isa = PBXFileReference; lastKnownFileType = sourcecode.swift; path = AppDelegate.swift; sourceTree = "<group>"; };
		524DA8C42ACEC540007676DC /* SceneDelegate.swift */ = {isa = PBXFileReference; lastKnownFileType = sourcecode.swift; path = SceneDelegate.swift; sourceTree = "<group>"; };
		524DA8C92ACEC540007676DC /* Base */ = {isa = PBXFileReference; lastKnownFileType = file.storyboard; name = Base; path = Base.lproj/Main.storyboard; sourceTree = "<group>"; };
		524DA8CB2ACEC542007676DC /* Assets.xcassets */ = {isa = PBXFileReference; lastKnownFileType = folder.assetcatalog; path = Assets.xcassets; sourceTree = "<group>"; };
		524DA8CE2ACEC542007676DC /* Base */ = {isa = PBXFileReference; lastKnownFileType = file.storyboard; name = Base; path = Base.lproj/LaunchScreen.storyboard; sourceTree = "<group>"; };
		524DA8D02ACEC542007676DC /* Info.plist */ = {isa = PBXFileReference; lastKnownFileType = text.plist.xml; path = Info.plist; sourceTree = "<group>"; };
		524DA8D62ACED318007676DC /* NameHandler.swift */ = {isa = PBXFileReference; lastKnownFileType = sourcecode.swift; path = NameHandler.swift; sourceTree = "<group>"; };
		525C528C2AD13DF0003C7D21 /* NameViewController.swift */ = {isa = PBXFileReference; lastKnownFileType = sourcecode.swift; path = NameViewController.swift; sourceTree = "<group>"; };
		525C528E2AD13EBA003C7D21 /* NamesViewController.swift */ = {isa = PBXFileReference; lastKnownFileType = sourcecode.swift; path = NamesViewController.swift; sourceTree = "<group>"; };
		525C52902AD14936003C7D21 /* Names.plist */ = {isa = PBXFileReference; fileEncoding = 4; lastKnownFileType = text.plist.xml; path = Names.plist; sourceTree = "<group>"; };
		525C52942AD149CA003C7D21 /* NameFactsViewController.swift */ = {isa = PBXFileReference; lastKnownFileType = sourcecode.swift; path = NameFactsViewController.swift; sourceTree = "<group>"; };
/* End PBXFileReference section */

/* Begin PBXFrameworksBuildPhase section */
		524DA8BC2ACEC540007676DC /* Frameworks */ = {
			isa = PBXFrameworksBuildPhase;
			buildActionMask = 2147483647;
			files = (
			);
			runOnlyForDeploymentPostprocessing = 0;
		};
/* End PBXFrameworksBuildPhase section */

/* Begin PBXGroup section */
		524DA8B62ACEC540007676DC = {
			isa = PBXGroup;
			children = (
				524DA8C12ACEC540007676DC /* iNames */,
				524DA8C02ACEC540007676DC /* Products */,
			);
			sourceTree = "<group>";
		};
		524DA8C02ACEC540007676DC /* Products */ = {
			isa = PBXGroup;
			children = (
				524DA8BF2ACEC540007676DC /* iNames.app */,
			);
			name = Products;
			sourceTree = "<group>";
		};
		524DA8C12ACEC540007676DC /* iNames */ = {
			isa = PBXGroup;
			children = (
				524DA8C22ACEC540007676DC /* AppDelegate.swift */,
				524DA8C42ACEC540007676DC /* SceneDelegate.swift */,
				524DA8C82ACEC540007676DC /* Main.storyboard */,
				525C528C2AD13DF0003C7D21 /* NameViewController.swift */,
				525C528E2AD13EBA003C7D21 /* NamesViewController.swift */,
				524DA8CB2ACEC542007676DC /* Assets.xcassets */,
				524DA8CD2ACEC542007676DC /* LaunchScreen.storyboard */,
				524DA8D02ACEC542007676DC /* Info.plist */,
				524DA8D62ACED318007676DC /* NameHandler.swift */,
				525C52942AD149CA003C7D21 /* NameFactsViewController.swift */,
				525C52902AD14936003C7D21 /* Names.plist */,
			);
			path = iNames;
			sourceTree = "<group>";
		};
/* End PBXGroup section */

/* Begin PBXNativeTarget section */
		524DA8BE2ACEC540007676DC /* iNames */ = {
			isa = PBXNativeTarget;
			buildConfigurationList = 524DA8D32ACEC542007676DC /* Build configuration list for PBXNativeTarget "iNames" */;
			buildPhases = (
				524DA8BB2ACEC540007676DC /* Sources */,
				524DA8BC2ACEC540007676DC /* Frameworks */,
				524DA8BD2ACEC540007676DC /* Resources */,
			);
			buildRules = (
			);
			dependencies = (
			);
			name = iNames;
			productName = iNames;
			productReference = 524DA8BF2ACEC540007676DC /* iNames.app */;
			productType = "com.apple.product-type.application";
		};
/* End PBXNativeTarget section */

/* Begin PBXProject section */
		524DA8B72ACEC540007676DC /* Project object */ = {
			isa = PBXProject;
			attributes = {
				BuildIndependentTargetsInParallel = 1;
				LastSwiftUpdateCheck = 1500;
				LastUpgradeCheck = 1500;
				TargetAttributes = {
					524DA8BE2ACEC540007676DC = {
						CreatedOnToolsVersion = 15.0;
					};
				};
			};
			buildConfigurationList = 524DA8BA2ACEC540007676DC /* Build configuration list for PBXProject "iNames" */;
			compatibilityVersion = "Xcode 14.0";
			developmentRegion = en;
			hasScannedForEncodings = 0;
			knownRegions = (
				en,
				Base,
			);
			mainGroup = 524DA8B62ACEC540007676DC;
			productRefGroup = 524DA8C02ACEC540007676DC /* Products */;
			projectDirPath = "";
			projectRoot = "";
			targets = (
				524DA8BE2ACEC540007676DC /* iNames */,
			);
		};
/* End PBXProject section */

/* Begin PBXResourcesBuildPhase section */
		524DA8BD2ACEC540007676DC /* Resources */ = {
			isa = PBXResourcesBuildPhase;
			buildActionMask = 2147483647;
			files = (
				524DA8CF2ACEC542007676DC /* LaunchScreen.storyboard in Resources */,
				525C52912AD14936003C7D21 /* Names.plist in Resources */,
				524DA8CC2ACEC542007676DC /* Assets.xcassets in Resources */,
				524DA8CA2ACEC540007676DC /* Main.storyboard in Resources */,
			);
			runOnlyForDeploymentPostprocessing = 0;
		};
/* End PBXResourcesBuildPhase section */

/* Begin PBXSourcesBuildPhase section */
		524DA8BB2ACEC540007676DC /* Sources */ = {
			isa = PBXSourcesBuildPhase;
			buildActionMask = 2147483647;
			files = (
				524DA8C32ACEC540007676DC /* AppDelegate.swift in Sources */,
				524DA8C52ACEC540007676DC /* SceneDelegate.swift in Sources */,
				524DA8D72ACED318007676DC /* NameHandler.swift in Sources */,
				525C528D2AD13DF0003C7D21 /* NameViewController.swift in Sources */,
				525C528F2AD13EBA003C7D21 /* NamesViewController.swift in Sources */,
				525C52952AD149CA003C7D21 /* NameFactsViewController.swift in Sources */,
			);
			runOnlyForDeploymentPostprocessing = 0;
		};
/* End PBXSourcesBuildPhase section */

/* Begin PBXVariantGroup section */
		524DA8C82ACEC540007676DC /* Main.storyboard */ = {
			isa = PBXVariantGroup;
			children = (
				524DA8C92ACEC540007676DC /* Base */,
			);
			name = Main.storyboard;
			sourceTree = "<group>";
		};
		524DA8CD2ACEC542007676DC /* LaunchScreen.storyboard */ = {
			isa = PBXVariantGroup;
			children = (
				524DA8CE2ACEC542007676DC /* Base */,
			);
			name = LaunchScreen.storyboard;
			sourceTree = "<group>";
		};
/* End PBXVariantGroup section */

/* Begin XCBuildConfiguration section */
		524DA8D12ACEC542007676DC /* Debug */ = {
			isa = XCBuildConfiguration;
			buildSettings = {
				ALWAYS_SEARCH_USER_PATHS = NO;
				ASSETCATALOG_COMPILER_GENERATE_SWIFT_ASSET_SYMBOL_EXTENSIONS = YES;
				CLANG_ANALYZER_NONNULL = YES;
				CLANG_ANALYZER_NUMBER_OBJECT_CONVERSION = YES_AGGRESSIVE;
				CLANG_CXX_LANGUAGE_STANDARD = "gnu++20";
				CLANG_ENABLE_MODULES = YES;
				CLANG_ENABLE_OBJC_ARC = YES;
				CLANG_ENABLE_OBJC_WEAK = YES;
				CLANG_WARN_BLOCK_CAPTURE_AUTORELEASING = YES;
				CLANG_WARN_BOOL_CONVERSION = YES;
				CLANG_WARN_COMMA = YES;
				CLANG_WARN_CONSTANT_CONVERSION = YES;
				CLANG_WARN_DEPRECATED_OBJC_IMPLEMENTATIONS = YES;
				CLANG_WARN_DIRECT_OBJC_ISA_USAGE = YES_ERROR;
				CLANG_WARN_DOCUMENTATION_COMMENTS = YES;
				CLANG_WARN_EMPTY_BODY = YES;
				CLANG_WARN_ENUM_CONVERSION = YES;
				CLANG_WARN_INFINITE_RECURSION = YES;
				CLANG_WARN_INT_CONVERSION = YES;
				CLANG_WARN_NON_LITERAL_NULL_CONVERSION = YES;
				CLANG_WARN_OBJC_IMPLICIT_RETAIN_SELF = YES;
				CLANG_WARN_OBJC_LITERAL_CONVERSION = YES;
				CLANG_WARN_OBJC_ROOT_CLASS = YES_ERROR;
				CLANG_WARN_QUOTED_INCLUDE_IN_FRAMEWORK_HEADER = YES;
				CLANG_WARN_RANGE_LOOP_ANALYSIS = YES;
				CLANG_WARN_STRICT_PROTOTYPES = YES;
				CLANG_WARN_SUSPICIOUS_MOVE = YES;
				CLANG_WARN_UNGUARDED_AVAILABILITY = YES_AGGRESSIVE;
				CLANG_WARN_UNREACHABLE_CODE = YES;
				CLANG_WARN__DUPLICATE_METHOD_MATCH = YES;
				COPY_PHASE_STRIP = NO;
				DEBUG_INFORMATION_FORMAT = dwarf;
				ENABLE_STRICT_OBJC_MSGSEND = YES;
				ENABLE_TESTABILITY = YES;
				ENABLE_USER_SCRIPT_SANDBOXING = YES;
				GCC_C_LANGUAGE_STANDARD = gnu17;
				GCC_DYNAMIC_NO_PIC = NO;
				GCC_NO_COMMON_BLOCKS = YES;
				GCC_OPTIMIZATION_LEVEL = 0;
				GCC_PREPROCESSOR_DEFINITIONS = (
					"DEBUG=1",
					"$(inherited)",
				);
				GCC_WARN_64_TO_32_BIT_CONVERSION = YES;
				GCC_WARN_ABOUT_RETURN_TYPE = YES_ERROR;
				GCC_WARN_UNDECLARED_SELECTOR = YES;
				GCC_WARN_UNINITIALIZED_AUTOS = YES_AGGRESSIVE;
				GCC_WARN_UNUSED_FUNCTION = YES;
				GCC_WARN_UNUSED_VARIABLE = YES;
				IPHONEOS_DEPLOYMENT_TARGET = 17.0;
				LOCALIZATION_PREFERS_STRING_CATALOGS = YES;
				MTL_ENABLE_DEBUG_INFO = INCLUDE_SOURCE;
				MTL_FAST_MATH = YES;
				ONLY_ACTIVE_ARCH = YES;
				SDKROOT = iphoneos;
				SWIFT_ACTIVE_COMPILATION_CONDITIONS = "DEBUG $(inherited)";
				SWIFT_OPTIMIZATION_LEVEL = "-Onone";
			};
			name = Debug;
		};
		524DA8D22ACEC542007676DC /* Release */ = {
			isa = XCBuildConfiguration;
			buildSettings = {
				ALWAYS_SEARCH_USER_PATHS = NO;
				ASSETCATALOG_COMPILER_GENERATE_SWIFT_ASSET_SYMBOL_EXTENSIONS = YES;
				CLANG_ANALYZER_NONNULL = YES;
				CLANG_ANALYZER_NUMBER_OBJECT_CONVERSION = YES_AGGRESSIVE;
				CLANG_CXX_LANGUAGE_STANDARD = "gnu++20";
				CLANG_ENABLE_MODULES = YES;
				CLANG_ENABLE_OBJC_ARC = YES;
				CLANG_ENABLE_OBJC_WEAK = YES;
				CLANG_WARN_BLOCK_CAPTURE_AUTORELEASING = YES;
				CLANG_WARN_BOOL_CONVERSION = YES;
				CLANG_WARN_COMMA = YES;
				CLANG_WARN_CONSTANT_CONVERSION = YES;
				CLANG_WARN_DEPRECATED_OBJC_IMPLEMENTATIONS = YES;
				CLANG_WARN_DIRECT_OBJC_ISA_USAGE = YES_ERROR;
				CLANG_WARN_DOCUMENTATION_COMMENTS = YES;
				CLANG_WARN_EMPTY_BODY = YES;
				CLANG_WARN_ENUM_CONVERSION = YES;
				CLANG_WARN_INFINITE_RECURSION = YES;
				CLANG_WARN_INT_CONVERSION = YES;
				CLANG_WARN_NON_LITERAL_NULL_CONVERSION = YES;
				CLANG_WARN_OBJC_IMPLICIT_RETAIN_SELF = YES;
				CLANG_WARN_OBJC_LITERAL_CONVERSION = YES;
				CLANG_WARN_OBJC_ROOT_CLASS = YES_ERROR;
				CLANG_WARN_QUOTED_INCLUDE_IN_FRAMEWORK_HEADER = YES;
				CLANG_WARN_RANGE_LOOP_ANALYSIS = YES;
				CLANG_WARN_STRICT_PROTOTYPES = YES;
				CLANG_WARN_SUSPICIOUS_MOVE = YES;
				CLANG_WARN_UNGUARDED_AVAILABILITY = YES_AGGRESSIVE;
				CLANG_WARN_UNREACHABLE_CODE = YES;
				CLANG_WARN__DUPLICATE_METHOD_MATCH = YES;
				COPY_PHASE_STRIP = NO;
				DEBUG_INFORMATION_FORMAT = "dwarf-with-dsym";
				ENABLE_NS_ASSERTIONS = NO;
				ENABLE_STRICT_OBJC_MSGSEND = YES;
				ENABLE_USER_SCRIPT_SANDBOXING = YES;
				GCC_C_LANGUAGE_STANDARD = gnu17;
				GCC_NO_COMMON_BLOCKS = YES;
				GCC_WARN_64_TO_32_BIT_CONVERSION = YES;
				GCC_WARN_ABOUT_RETURN_TYPE = YES_ERROR;
				GCC_WARN_UNDECLARED_SELECTOR = YES;
				GCC_WARN_UNINITIALIZED_AUTOS = YES_AGGRESSIVE;
				GCC_WARN_UNUSED_FUNCTION = YES;
				GCC_WARN_UNUSED_VARIABLE = YES;
				IPHONEOS_DEPLOYMENT_TARGET = 17.0;
				LOCALIZATION_PREFERS_STRING_CATALOGS = YES;
				MTL_ENABLE_DEBUG_INFO = NO;
				MTL_FAST_MATH = YES;
				SDKROOT = iphoneos;
				SWIFT_COMPILATION_MODE = wholemodule;
				VALIDATE_PRODUCT = YES;
			};
			name = Release;
		};
		524DA8D42ACEC542007676DC /* Debug */ = {
			isa = XCBuildConfiguration;
			buildSettings = {
				ASSETCATALOG_COMPILER_APPICON_NAME = AppIcon;
				ASSETCATALOG_COMPILER_GLOBAL_ACCENT_COLOR_NAME = AccentColor;
				CODE_SIGN_STYLE = Automatic;
				CURRENT_PROJECT_VERSION = 1;
				DEVELOPMENT_TEAM = 3C9BFHV9X4;
				GENERATE_INFOPLIST_FILE = YES;
				INFOPLIST_FILE = iNames/Info.plist;
				INFOPLIST_KEY_UIApplicationSupportsIndirectInputEvents = YES;
				INFOPLIST_KEY_UILaunchStoryboardName = LaunchScreen;
				INFOPLIST_KEY_UIMainStoryboardFile = Main;
				INFOPLIST_KEY_UISupportedInterfaceOrientations_iPad = "UIInterfaceOrientationPortrait UIInterfaceOrientationPortraitUpsideDown UIInterfaceOrientationLandscapeLeft UIInterfaceOrientationLandscapeRight";
				INFOPLIST_KEY_UISupportedInterfaceOrientations_iPhone = "UIInterfaceOrientationPortrait UIInterfaceOrientationLandscapeLeft UIInterfaceOrientationLandscapeRight";
				LD_RUNPATH_SEARCH_PATHS = (
					"$(inherited)",
					"@executable_path/Frameworks",
				);
				MARKETING_VERSION = 1.0;
				PRODUCT_BUNDLE_IDENTIFIER = com.afkfish.iNames;
				PRODUCT_NAME = "$(TARGET_NAME)";
				SWIFT_EMIT_LOC_STRINGS = YES;
				SWIFT_VERSION = 5.0;
				TARGETED_DEVICE_FAMILY = "1,2";
			};
			name = Debug;
		};
		524DA8D52ACEC542007676DC /* Release */ = {
			isa = XCBuildConfiguration;
			buildSettings = {
				ASSETCATALOG_COMPILER_APPICON_NAME = AppIcon;
				ASSETCATALOG_COMPILER_GLOBAL_ACCENT_COLOR_NAME = AccentColor;
				CODE_SIGN_STYLE = Automatic;
				CURRENT_PROJECT_VERSION = 1;
				DEVELOPMENT_TEAM = 3C9BFHV9X4;
				GENERATE_INFOPLIST_FILE = YES;
				INFOPLIST_FILE = iNames/Info.plist;
				INFOPLIST_KEY_UIApplicationSupportsIndirectInputEvents = YES;
				INFOPLIST_KEY_UILaunchStoryboardName = LaunchScreen;
				INFOPLIST_KEY_UIMainStoryboardFile = Main;
				INFOPLIST_KEY_UISupportedInterfaceOrientations_iPad = "UIInterfaceOrientationPortrait UIInterfaceOrientationPortraitUpsideDown UIInterfaceOrientationLandscapeLeft UIInterfaceOrientationLandscapeRight";
				INFOPLIST_KEY_UISupportedInterfaceOrientations_iPhone = "UIInterfaceOrientationPortrait UIInterfaceOrientationLandscapeLeft UIInterfaceOrientationLandscapeRight";
				LD_RUNPATH_SEARCH_PATHS = (
					"$(inherited)",
					"@executable_path/Frameworks",
				);
				MARKETING_VERSION = 1.0;
				PRODUCT_BUNDLE_IDENTIFIER = com.afkfish.iNames;
				PRODUCT_NAME = "$(TARGET_NAME)";
				SWIFT_EMIT_LOC_STRINGS = YES;
				SWIFT_VERSION = 5.0;
				TARGETED_DEVICE_FAMILY = "1,2";
			};
			name = Release;
		};
/* End XCBuildConfiguration section */

/* Begin XCConfigurationList section */
		524DA8BA2ACEC540007676DC /* Build configuration list for PBXProject "iNames" */ = {
			isa = XCConfigurationList;
			buildConfigurations = (
				524DA8D12ACEC542007676DC /* Debug */,
				524DA8D22ACEC542007676DC /* Release */,
			);
			defaultConfigurationIsVisible = 0;
			defaultConfigurationName = Release;
		};
		524DA8D32ACEC542007676DC /* Build configuration list for PBXNativeTarget "iNames" */ = {
			isa = XCConfigurationList;
			buildConfigurations = (
				524DA8D42ACEC542007676DC /* Debug */,
				524DA8D52ACEC542007676DC /* Release */,
			);
			defaultConfigurationIsVisible = 0;
			defaultConfigurationName = Release;
		};
/* End XCConfigurationList section */
	};
	rootObject = 524DA8B72ACEC540007676DC /* Project object */;
}
