// !$*UTF8*$!
{
	archiveVersion = 1;
	classes = {
	};
	objectVersion = 56;
	objects = {

/* Begin PBXBuildFile section */
		52775EF32B121571000454C6 /* ImagedNoteApp.swift in Sources */ = {isa = PBXBuildFile; fileRef = 52775EF22B121571000454C6 /* ImagedNoteApp.swift */; };
		52775EF52B121571000454C6 /* ContentView.swift in Sources */ = {isa = PBXBuildFile; fileRef = 52775EF42B121571000454C6 /* ContentView.swift */; };
		52775EF72B121573000454C6 /* Assets.xcassets in Resources */ = {isa = PBXBuildFile; fileRef = 52775EF62B121573000454C6 /* Assets.xcassets */; };
		52775EFA2B121573000454C6 /* Preview Assets.xcassets in Resources */ = {isa = PBXBuildFile; fileRef = 52775EF92B121573000454C6 /* Preview Assets.xcassets */; };
		52775EFC2B121573000454C6 /* Persistence.swift in Sources */ = {isa = PBXBuildFile; fileRef = 52775EFB2B121573000454C6 /* Persistence.swift */; };
		52775EFF2B121573000454C6 /* ImagedNote.xcdatamodeld in Sources */ = {isa = PBXBuildFile; fileRef = 52775EFD2B121573000454C6 /* ImagedNote.xcdatamodeld */; };
		52775F062B121999000454C6 /* NewItemView.swift in Sources */ = {isa = PBXBuildFile; fileRef = 52775F052B121999000454C6 /* NewItemView.swift */; };
		52775F082B121AD0000454C6 /* ImagePicker.swift in Sources */ = {isa = PBXBuildFile; fileRef = 52775F072B121AD0000454C6 /* ImagePicker.swift */; };
		52775F0B2B121FE9000454C6 /* Item+CoreDataClass.swift in Sources */ = {isa = PBXBuildFile; fileRef = 52775F092B121FE9000454C6 /* Item+CoreDataClass.swift */; };
		52775F0C2B121FE9000454C6 /* Item+CoreDataProperties.swift in Sources */ = {isa = PBXBuildFile; fileRef = 52775F0A2B121FE9000454C6 /* Item+CoreDataProperties.swift */; };
/* End PBXBuildFile section */

/* Begin PBXFileReference section */
		52775EEF2B121571000454C6 /* ImagedNote.app */ = {isa = PBXFileReference; explicitFileType = wrapper.application; includeInIndex = 0; path = ImagedNote.app; sourceTree = BUILT_PRODUCTS_DIR; };
		52775EF22B121571000454C6 /* ImagedNoteApp.swift */ = {isa = PBXFileReference; lastKnownFileType = sourcecode.swift; path = ImagedNoteApp.swift; sourceTree = "<group>"; };
		52775EF42B121571000454C6 /* ContentView.swift */ = {isa = PBXFileReference; lastKnownFileType = sourcecode.swift; path = ContentView.swift; sourceTree = "<group>"; };
		52775EF62B121573000454C6 /* Assets.xcassets */ = {isa = PBXFileReference; lastKnownFileType = folder.assetcatalog; path = Assets.xcassets; sourceTree = "<group>"; };
		52775EF92B121573000454C6 /* Preview Assets.xcassets */ = {isa = PBXFileReference; lastKnownFileType = folder.assetcatalog; path = "Preview Assets.xcassets"; sourceTree = "<group>"; };
		52775EFB2B121573000454C6 /* Persistence.swift */ = {isa = PBXFileReference; lastKnownFileType = sourcecode.swift; path = Persistence.swift; sourceTree = "<group>"; };
		52775EFE2B121573000454C6 /* ImagedNote.xcdatamodel */ = {isa = PBXFileReference; lastKnownFileType = wrapper.xcdatamodel; path = ImagedNote.xcdatamodel; sourceTree = "<group>"; };
		52775F052B121999000454C6 /* NewItemView.swift */ = {isa = PBXFileReference; lastKnownFileType = sourcecode.swift; path = NewItemView.swift; sourceTree = "<group>"; };
		52775F072B121AD0000454C6 /* ImagePicker.swift */ = {isa = PBXFileReference; lastKnownFileType = sourcecode.swift; path = ImagePicker.swift; sourceTree = "<group>"; };
		52775F092B121FE9000454C6 /* Item+CoreDataClass.swift */ = {isa = PBXFileReference; lastKnownFileType = sourcecode.swift; path = "Item+CoreDataClass.swift"; sourceTree = "<group>"; };
		52775F0A2B121FE9000454C6 /* Item+CoreDataProperties.swift */ = {isa = PBXFileReference; lastKnownFileType = sourcecode.swift; path = "Item+CoreDataProperties.swift"; sourceTree = "<group>"; };
/* End PBXFileReference section */

/* Begin PBXFrameworksBuildPhase section */
		52775EEC2B121571000454C6 /* Frameworks */ = {
			isa = PBXFrameworksBuildPhase;
			buildActionMask = 2147483647;
			files = (
			);
			runOnlyForDeploymentPostprocessing = 0;
		};
/* End PBXFrameworksBuildPhase section */

/* Begin PBXGroup section */
		52775EE62B121571000454C6 = {
			isa = PBXGroup;
			children = (
				52775EF12B121571000454C6 /* ImagedNote */,
				52775EF02B121571000454C6 /* Products */,
			);
			sourceTree = "<group>";
		};
		52775EF02B121571000454C6 /* Products */ = {
			isa = PBXGroup;
			children = (
				52775EEF2B121571000454C6 /* ImagedNote.app */,
			);
			name = Products;
			sourceTree = "<group>";
		};
		52775EF12B121571000454C6 /* ImagedNote */ = {
			isa = PBXGroup;
			children = (
				52775F092B121FE9000454C6 /* Item+CoreDataClass.swift */,
				52775F0A2B121FE9000454C6 /* Item+CoreDataProperties.swift */,
				52775EF22B121571000454C6 /* ImagedNoteApp.swift */,
				52775EF42B121571000454C6 /* ContentView.swift */,
				52775F072B121AD0000454C6 /* ImagePicker.swift */,
				52775F052B121999000454C6 /* NewItemView.swift */,
				52775EF62B121573000454C6 /* Assets.xcassets */,
				52775EFB2B121573000454C6 /* Persistence.swift */,
				52775EFD2B121573000454C6 /* ImagedNote.xcdatamodeld */,
				52775EF82B121573000454C6 /* Preview Content */,
			);
			path = ImagedNote;
			sourceTree = "<group>";
		};
		52775EF82B121573000454C6 /* Preview Content */ = {
			isa = PBXGroup;
			children = (
				52775EF92B121573000454C6 /* Preview Assets.xcassets */,
			);
			path = "Preview Content";
			sourceTree = "<group>";
		};
/* End PBXGroup section */

/* Begin PBXNativeTarget section */
		52775EEE2B121571000454C6 /* ImagedNote */ = {
			isa = PBXNativeTarget;
			buildConfigurationList = 52775F022B121573000454C6 /* Build configuration list for PBXNativeTarget "ImagedNote" */;
			buildPhases = (
				52775EEB2B121571000454C6 /* Sources */,
				52775EEC2B121571000454C6 /* Frameworks */,
				52775EED2B121571000454C6 /* Resources */,
			);
			buildRules = (
			);
			dependencies = (
			);
			name = ImagedNote;
			productName = ImagedNote;
			productReference = 52775EEF2B121571000454C6 /* ImagedNote.app */;
			productType = "com.apple.product-type.application";
		};
/* End PBXNativeTarget section */

/* Begin PBXProject section */
		52775EE72B121571000454C6 /* Project object */ = {
			isa = PBXProject;
			attributes = {
				BuildIndependentTargetsInParallel = 1;
				LastSwiftUpdateCheck = 1500;
				LastUpgradeCheck = 1500;
				TargetAttributes = {
					52775EEE2B121571000454C6 = {
						CreatedOnToolsVersion = 15.0.1;
					};
				};
			};
			buildConfigurationList = 52775EEA2B121571000454C6 /* Build configuration list for PBXProject "ImagedNote" */;
			compatibilityVersion = "Xcode 14.0";
			developmentRegion = en;
			hasScannedForEncodings = 0;
			knownRegions = (
				en,
				Base,
			);
			mainGroup = 52775EE62B121571000454C6;
			productRefGroup = 52775EF02B121571000454C6 /* Products */;
			projectDirPath = "";
			projectRoot = "";
			targets = (
				52775EEE2B121571000454C6 /* ImagedNote */,
			);
		};
/* End PBXProject section */

/* Begin PBXResourcesBuildPhase section */
		52775EED2B121571000454C6 /* Resources */ = {
			isa = PBXResourcesBuildPhase;
			buildActionMask = 2147483647;
			files = (
				52775EFA2B121573000454C6 /* Preview Assets.xcassets in Resources */,
				52775EF72B121573000454C6 /* Assets.xcassets in Resources */,
			);
			runOnlyForDeploymentPostprocessing = 0;
		};
/* End PBXResourcesBuildPhase section */

/* Begin PBXSourcesBuildPhase section */
		52775EEB2B121571000454C6 /* Sources */ = {
			isa = PBXSourcesBuildPhase;
			buildActionMask = 2147483647;
			files = (
				52775EFF2B121573000454C6 /* ImagedNote.xcdatamodeld in Sources */,
				52775EFC2B121573000454C6 /* Persistence.swift in Sources */,
				52775F0C2B121FE9000454C6 /* Item+CoreDataProperties.swift in Sources */,
				52775EF52B121571000454C6 /* ContentView.swift in Sources */,
				52775F082B121AD0000454C6 /* ImagePicker.swift in Sources */,
				52775EF32B121571000454C6 /* ImagedNoteApp.swift in Sources */,
				52775F062B121999000454C6 /* NewItemView.swift in Sources */,
				52775F0B2B121FE9000454C6 /* Item+CoreDataClass.swift in Sources */,
			);
			runOnlyForDeploymentPostprocessing = 0;
		};
/* End PBXSourcesBuildPhase section */

/* Begin XCBuildConfiguration section */
		52775F002B121573000454C6 /* Debug */ = {
			isa = XCBuildConfiguration;
			buildSettings = {
				ALWAYS_SEARCH_USER_PATHS = NO;
				ASSETCATALOG_COMPILER_GENERATE_SWIFT_ASSET_SYMBOL_EXTENSIONS = YES;
				CLANG_ANALYZER_NONNULL = YES;
				CLANG_ANALYZER_NUMBER_OBJECT_CONVERSION = YES_AGGRESSIVE;
				CLANG_CXX_LANGUAGE_STANDARD = "gnu++20";
				CLANG_ENABLE_MODULES = YES;
				CLANG_ENABLE_OBJC_ARC = YES;
				CLANG_ENABLE_OBJC_WEAK = YES;
				CLANG_WARN_BLOCK_CAPTURE_AUTORELEASING = YES;
				CLANG_WARN_BOOL_CONVERSION = YES;
				CLANG_WARN_COMMA = YES;
				CLANG_WARN_CONSTANT_CONVERSION = YES;
				CLANG_WARN_DEPRECATED_OBJC_IMPLEMENTATIONS = YES;
				CLANG_WARN_DIRECT_OBJC_ISA_USAGE = YES_ERROR;
				CLANG_WARN_DOCUMENTATION_COMMENTS = YES;
				CLANG_WARN_EMPTY_BODY = YES;
				CLANG_WARN_ENUM_CONVERSION = YES;
				CLANG_WARN_INFINITE_RECURSION = YES;
				CLANG_WARN_INT_CONVERSION = YES;
				CLANG_WARN_NON_LITERAL_NULL_CONVERSION = YES;
				CLANG_WARN_OBJC_IMPLICIT_RETAIN_SELF = YES;
				CLANG_WARN_OBJC_LITERAL_CONVERSION = YES;
				CLANG_WARN_OBJC_ROOT_CLASS = YES_ERROR;
				CLANG_WARN_QUOTED_INCLUDE_IN_FRAMEWORK_HEADER = YES;
				CLANG_WARN_RANGE_LOOP_ANALYSIS = YES;
				CLANG_WARN_STRICT_PROTOTYPES = YES;
				CLANG_WARN_SUSPICIOUS_MOVE = YES;
				CLANG_WARN_UNGUARDED_AVAILABILITY = YES_AGGRESSIVE;
				CLANG_WARN_UNREACHABLE_CODE = YES;
				CLANG_WARN__DUPLICATE_METHOD_MATCH = YES;
				COPY_PHASE_STRIP = NO;
				DEBUG_INFORMATION_FORMAT = dwarf;
				ENABLE_STRICT_OBJC_MSGSEND = YES;
				ENABLE_TESTABILITY = YES;
				ENABLE_USER_SCRIPT_SANDBOXING = YES;
				GCC_C_LANGUAGE_STANDARD = gnu17;
				GCC_DYNAMIC_NO_PIC = NO;
				GCC_NO_COMMON_BLOCKS = YES;
				GCC_OPTIMIZATION_LEVEL = 0;
				GCC_PREPROCESSOR_DEFINITIONS = (
					"DEBUG=1",
					"$(inherited)",
				);
				GCC_WARN_64_TO_32_BIT_CONVERSION = YES;
				GCC_WARN_ABOUT_RETURN_TYPE = YES_ERROR;
				GCC_WARN_UNDECLARED_SELECTOR = YES;
				GCC_WARN_UNINITIALIZED_AUTOS = YES_AGGRESSIVE;
				GCC_WARN_UNUSED_FUNCTION = YES;
				GCC_WARN_UNUSED_VARIABLE = YES;
				IPHONEOS_DEPLOYMENT_TARGET = 17.0;
				LOCALIZATION_PREFERS_STRING_CATALOGS = YES;
				MTL_ENABLE_DEBUG_INFO = INCLUDE_SOURCE;
				MTL_FAST_MATH = YES;
				ONLY_ACTIVE_ARCH = YES;
				SDKROOT = iphoneos;
				SWIFT_ACTIVE_COMPILATION_CONDITIONS = "DEBUG $(inherited)";
				SWIFT_OPTIMIZATION_LEVEL = "-Onone";
			};
			name = Debug;
		};
		52775F012B121573000454C6 /* Release */ = {
			isa = XCBuildConfiguration;
			buildSettings = {
				ALWAYS_SEARCH_USER_PATHS = NO;
				ASSETCATALOG_COMPILER_GENERATE_SWIFT_ASSET_SYMBOL_EXTENSIONS = YES;
				CLANG_ANALYZER_NONNULL = YES;
				CLANG_ANALYZER_NUMBER_OBJECT_CONVERSION = YES_AGGRESSIVE;
				CLANG_CXX_LANGUAGE_STANDARD = "gnu++20";
				CLANG_ENABLE_MODULES = YES;
				CLANG_ENABLE_OBJC_ARC = YES;
				CLANG_ENABLE_OBJC_WEAK = YES;
				CLANG_WARN_BLOCK_CAPTURE_AUTORELEASING = YES;
				CLANG_WARN_BOOL_CONVERSION = YES;
				CLANG_WARN_COMMA = YES;
				CLANG_WARN_CONSTANT_CONVERSION = YES;
				CLANG_WARN_DEPRECATED_OBJC_IMPLEMENTATIONS = YES;
				CLANG_WARN_DIRECT_OBJC_ISA_USAGE = YES_ERROR;
				CLANG_WARN_DOCUMENTATION_COMMENTS = YES;
				CLANG_WARN_EMPTY_BODY = YES;
				CLANG_WARN_ENUM_CONVERSION = YES;
				CLANG_WARN_INFINITE_RECURSION = YES;
				CLANG_WARN_INT_CONVERSION = YES;
				CLANG_WARN_NON_LITERAL_NULL_CONVERSION = YES;
				CLANG_WARN_OBJC_IMPLICIT_RETAIN_SELF = YES;
				CLANG_WARN_OBJC_LITERAL_CONVERSION = YES;
				CLANG_WARN_OBJC_ROOT_CLASS = YES_ERROR;
				CLANG_WARN_QUOTED_INCLUDE_IN_FRAMEWORK_HEADER = YES;
				CLANG_WARN_RANGE_LOOP_ANALYSIS = YES;
				CLANG_WARN_STRICT_PROTOTYPES = YES;
				CLANG_WARN_SUSPICIOUS_MOVE = YES;
				CLANG_WARN_UNGUARDED_AVAILABILITY = YES_AGGRESSIVE;
				CLANG_WARN_UNREACHABLE_CODE = YES;
				CLANG_WARN__DUPLICATE_METHOD_MATCH = YES;
				COPY_PHASE_STRIP = NO;
				DEBUG_INFORMATION_FORMAT = "dwarf-with-dsym";
				ENABLE_NS_ASSERTIONS = NO;
				ENABLE_STRICT_OBJC_MSGSEND = YES;
				ENABLE_USER_SCRIPT_SANDBOXING = YES;
				GCC_C_LANGUAGE_STANDARD = gnu17;
				GCC_NO_COMMON_BLOCKS = YES;
				GCC_WARN_64_TO_32_BIT_CONVERSION = YES;
				GCC_WARN_ABOUT_RETURN_TYPE = YES_ERROR;
				GCC_WARN_UNDECLARED_SELECTOR = YES;
				GCC_WARN_UNINITIALIZED_AUTOS = YES_AGGRESSIVE;
				GCC_WARN_UNUSED_FUNCTION = YES;
				GCC_WARN_UNUSED_VARIABLE = YES;
				IPHONEOS_DEPLOYMENT_TARGET = 17.0;
				LOCALIZATION_PREFERS_STRING_CATALOGS = YES;
				MTL_ENABLE_DEBUG_INFO = NO;
				MTL_FAST_MATH = YES;
				SDKROOT = iphoneos;
				SWIFT_COMPILATION_MODE = wholemodule;
				VALIDATE_PRODUCT = YES;
			};
			name = Release;
		};
		52775F032B121573000454C6 /* Debug */ = {
			isa = XCBuildConfiguration;
			buildSettings = {
				ASSETCATALOG_COMPILER_APPICON_NAME = AppIcon;
				ASSETCATALOG_COMPILER_GLOBAL_ACCENT_COLOR_NAME = AccentColor;
				CODE_SIGN_STYLE = Automatic;
				CURRENT_PROJECT_VERSION = 1;
				DEVELOPMENT_ASSET_PATHS = "\"ImagedNote/Preview Content\"";
				DEVELOPMENT_TEAM = 3C9BFHV9X4;
				ENABLE_PREVIEWS = YES;
				GENERATE_INFOPLIST_FILE = YES;
				INFOPLIST_KEY_UIApplicationSceneManifest_Generation = YES;
				INFOPLIST_KEY_UIApplicationSupportsIndirectInputEvents = YES;
				INFOPLIST_KEY_UILaunchScreen_Generation = YES;
				INFOPLIST_KEY_UISupportedInterfaceOrientations_iPad = "UIInterfaceOrientationPortrait UIInterfaceOrientationPortraitUpsideDown UIInterfaceOrientationLandscapeLeft UIInterfaceOrientationLandscapeRight";
				INFOPLIST_KEY_UISupportedInterfaceOrientations_iPhone = "UIInterfaceOrientationPortrait UIInterfaceOrientationLandscapeLeft UIInterfaceOrientationLandscapeRight";
				LD_RUNPATH_SEARCH_PATHS = (
					"$(inherited)",
					"@executable_path/Frameworks",
				);
				MARKETING_VERSION = 1.0;
				PRODUCT_BUNDLE_IDENTIFIER = com.afkfish.ImagedNote;
				PRODUCT_NAME = "$(TARGET_NAME)";
				SWIFT_EMIT_LOC_STRINGS = YES;
				SWIFT_VERSION = 5.0;
				TARGETED_DEVICE_FAMILY = "1,2";
			};
			name = Debug;
		};
		52775F042B121573000454C6 /* Release */ = {
			isa = XCBuildConfiguration;
			buildSettings = {
				ASSETCATALOG_COMPILER_APPICON_NAME = AppIcon;
				ASSETCATALOG_COMPILER_GLOBAL_ACCENT_COLOR_NAME = AccentColor;
				CODE_SIGN_STYLE = Automatic;
				CURRENT_PROJECT_VERSION = 1;
				DEVELOPMENT_ASSET_PATHS = "\"ImagedNote/Preview Content\"";
				DEVELOPMENT_TEAM = 3C9BFHV9X4;
				ENABLE_PREVIEWS = YES;
				GENERATE_INFOPLIST_FILE = YES;
				INFOPLIST_KEY_UIApplicationSceneManifest_Generation = YES;
				INFOPLIST_KEY_UIApplicationSupportsIndirectInputEvents = YES;
				INFOPLIST_KEY_UILaunchScreen_Generation = YES;
				INFOPLIST_KEY_UISupportedInterfaceOrientations_iPad = "UIInterfaceOrientationPortrait UIInterfaceOrientationPortraitUpsideDown UIInterfaceOrientationLandscapeLeft UIInterfaceOrientationLandscapeRight";
				INFOPLIST_KEY_UISupportedInterfaceOrientations_iPhone = "UIInterfaceOrientationPortrait UIInterfaceOrientationLandscapeLeft UIInterfaceOrientationLandscapeRight";
				LD_RUNPATH_SEARCH_PATHS = (
					"$(inherited)",
					"@executable_path/Frameworks",
				);
				MARKETING_VERSION = 1.0;
				PRODUCT_BUNDLE_IDENTIFIER = com.afkfish.ImagedNote;
				PRODUCT_NAME = "$(TARGET_NAME)";
				SWIFT_EMIT_LOC_STRINGS = YES;
				SWIFT_VERSION = 5.0;
				TARGETED_DEVICE_FAMILY = "1,2";
			};
			name = Release;
		};
/* End XCBuildConfiguration section */

/* Begin XCConfigurationList section */
		52775EEA2B121571000454C6 /* Build configuration list for PBXProject "ImagedNote" */ = {
			isa = XCConfigurationList;
			buildConfigurations = (
				52775F002B121573000454C6 /* Debug */,
				52775F012B121573000454C6 /* Release */,
			);
			defaultConfigurationIsVisible = 0;
			defaultConfigurationName = Release;
		};
		52775F022B121573000454C6 /* Build configuration list for PBXNativeTarget "ImagedNote" */ = {
			isa = XCConfigurationList;
			buildConfigurations = (
				52775F032B121573000454C6 /* Debug */,
				52775F042B121573000454C6 /* Release */,
			);
			defaultConfigurationIsVisible = 0;
			defaultConfigurationName = Release;
		};
/* End XCConfigurationList section */

/* Begin XCVersionGroup section */
		52775EFD2B121573000454C6 /* ImagedNote.xcdatamodeld */ = {
			isa = XCVersionGroup;
			children = (
				52775EFE2B121573000454C6 /* ImagedNote.xcdatamodel */,
			);
			currentVersion = 52775EFE2B121573000454C6 /* ImagedNote.xcdatamodel */;
			path = ImagedNote.xcdatamodeld;
			sourceTree = "<group>";
			versionGroupType = wrapper.xcdatamodel;
		};
/* End XCVersionGroup section */
	};
	rootObject = 52775EE72B121571000454C6 /* Project object */;
}
